// !$*UTF8*$!
{
	archiveVersion = 1;
	classes = {
	};
	objectVersion = 50;
	objects = {

/* Begin PBXBuildFile section */
		5A6DC41621F9708100AEACF6 /* Json2Property.swift in Sources */ = {isa = PBXBuildFile; fileRef = 5A6DC41521F9708100AEACF6 /* Json2Property.swift */; };
		5A7A436B21A40B5100A277A3 /* AppDelegate.swift in Sources */ = {isa = PBXBuildFile; fileRef = 5A7A436A21A40B5100A277A3 /* AppDelegate.swift */; };
		5A7A436D21A40B5100A277A3 /* ViewController.swift in Sources */ = {isa = PBXBuildFile; fileRef = 5A7A436C21A40B5100A277A3 /* ViewController.swift */; };
		5A7A436F21A40B5300A277A3 /* Assets.xcassets in Resources */ = {isa = PBXBuildFile; fileRef = 5A7A436E21A40B5300A277A3 /* Assets.xcassets */; };
		5A7A437221A40B5300A277A3 /* Main.storyboard in Resources */ = {isa = PBXBuildFile; fileRef = 5A7A437021A40B5300A277A3 /* Main.storyboard */; };
		5A7A438121A40BE800A277A3 /* Cocoa.framework in Frameworks */ = {isa = PBXBuildFile; fileRef = 5A7A438021A40BE800A277A3 /* Cocoa.framework */; };
		5A7A438421A40BE800A277A3 /* SourceEditorExtension.swift in Sources */ = {isa = PBXBuildFile; fileRef = 5A7A438321A40BE800A277A3 /* SourceEditorExtension.swift */; };
		5A7A438621A40BE800A277A3 /* SourceEditorCommand.swift in Sources */ = {isa = PBXBuildFile; fileRef = 5A7A438521A40BE800A277A3 /* SourceEditorCommand.swift */; };
		5A7A438B21A40BE800A277A3 /* EditorExtension.appex in Embed App Extensions */ = {isa = PBXBuildFile; fileRef = 5A7A437E21A40BE800A277A3 /* EditorExtension.appex */; settings = {ATTRIBUTES = (RemoveHeadersOnCopy, ); }; };
/* End PBXBuildFile section */

/* Begin PBXContainerItemProxy section */
		5A7A438921A40BE800A277A3 /* PBXContainerItemProxy */ = {
			isa = PBXContainerItemProxy;
			containerPortal = 5A7A435F21A40B5100A277A3 /* Project object */;
			proxyType = 1;
			remoteGlobalIDString = 5A7A437D21A40BE800A277A3;
			remoteInfo = EditorExtension;
		};
/* End PBXContainerItemProxy section */

/* Begin PBXCopyFilesBuildPhase section */
		5A7A438F21A40BE800A277A3 /* Embed App Extensions */ = {
			isa = PBXCopyFilesBuildPhase;
			buildActionMask = 2147483647;
			dstPath = "";
			dstSubfolderSpec = 13;
			files = (
				5A7A438B21A40BE800A277A3 /* EditorExtension.appex in Embed App Extensions */,
			);
			name = "Embed App Extensions";
			runOnlyForDeploymentPostprocessing = 0;
		};
/* End PBXCopyFilesBuildPhase section */

/* Begin PBXFileReference section */
		5A6DC41521F9708100AEACF6 /* Json2Property.swift */ = {isa = PBXFileReference; lastKnownFileType = sourcecode.swift; path = Json2Property.swift; sourceTree = "<group>"; };
		5A7A436721A40B5100A277A3 /* CodeHelper.app */ = {isa = PBXFileReference; explicitFileType = wrapper.application; includeInIndex = 0; path = CodeHelper.app; sourceTree = BUILT_PRODUCTS_DIR; };
		5A7A436A21A40B5100A277A3 /* AppDelegate.swift */ = {isa = PBXFileReference; lastKnownFileType = sourcecode.swift; path = AppDelegate.swift; sourceTree = "<group>"; };
		5A7A436C21A40B5100A277A3 /* ViewController.swift */ = {isa = PBXFileReference; lastKnownFileType = sourcecode.swift; path = ViewController.swift; sourceTree = "<group>"; };
		5A7A436E21A40B5300A277A3 /* Assets.xcassets */ = {isa = PBXFileReference; lastKnownFileType = folder.assetcatalog; path = Assets.xcassets; sourceTree = "<group>"; };
		5A7A437121A40B5300A277A3 /* Base */ = {isa = PBXFileReference; lastKnownFileType = file.storyboard; name = Base; path = Base.lproj/Main.storyboard; sourceTree = "<group>"; };
		5A7A437321A40B5300A277A3 /* Info.plist */ = {isa = PBXFileReference; lastKnownFileType = text.plist.xml; path = Info.plist; sourceTree = "<group>"; };
		5A7A437421A40B5300A277A3 /* CodeHelper.entitlements */ = {isa = PBXFileReference; lastKnownFileType = text.plist.entitlements; path = CodeHelper.entitlements; sourceTree = "<group>"; };
		5A7A437E21A40BE800A277A3 /* EditorExtension.appex */ = {isa = PBXFileReference; explicitFileType = "wrapper.app-extension"; includeInIndex = 0; path = EditorExtension.appex; sourceTree = BUILT_PRODUCTS_DIR; };
		5A7A438021A40BE800A277A3 /* Cocoa.framework */ = {isa = PBXFileReference; lastKnownFileType = wrapper.framework; name = Cocoa.framework; path = System/Library/Frameworks/Cocoa.framework; sourceTree = SDKROOT; };
		5A7A438321A40BE800A277A3 /* SourceEditorExtension.swift */ = {isa = PBXFileReference; lastKnownFileType = sourcecode.swift; path = SourceEditorExtension.swift; sourceTree = "<group>"; };
		5A7A438521A40BE800A277A3 /* SourceEditorCommand.swift */ = {isa = PBXFileReference; lastKnownFileType = sourcecode.swift; path = SourceEditorCommand.swift; sourceTree = "<group>"; };
		5A7A438721A40BE800A277A3 /* Info.plist */ = {isa = PBXFileReference; lastKnownFileType = text.plist.xml; path = Info.plist; sourceTree = "<group>"; };
		5A7A438821A40BE800A277A3 /* EditorExtension.entitlements */ = {isa = PBXFileReference; lastKnownFileType = text.plist.entitlements; path = EditorExtension.entitlements; sourceTree = "<group>"; };
/* End PBXFileReference section */

/* Begin PBXFrameworksBuildPhase section */
		5A7A436421A40B5100A277A3 /* Frameworks */ = {
			isa = PBXFrameworksBuildPhase;
			buildActionMask = 2147483647;
			files = (
			);
			runOnlyForDeploymentPostprocessing = 0;
		};
		5A7A437B21A40BE800A277A3 /* Frameworks */ = {
			isa = PBXFrameworksBuildPhase;
			buildActionMask = 2147483647;
			files = (
				5A7A438121A40BE800A277A3 /* Cocoa.framework in Frameworks */,
			);
			runOnlyForDeploymentPostprocessing = 0;
		};
/* End PBXFrameworksBuildPhase section */

/* Begin PBXGroup section */
		5A7A435E21A40B5100A277A3 = {
			isa = PBXGroup;
			children = (
				5A7A436921A40B5100A277A3 /* CodeHelper */,
				5A7A438221A40BE800A277A3 /* EditorExtension */,
				5A7A437F21A40BE800A277A3 /* Frameworks */,
				5A7A436821A40B5100A277A3 /* Products */,
			);
			sourceTree = "<group>";
		};
		5A7A436821A40B5100A277A3 /* Products */ = {
			isa = PBXGroup;
			children = (
				5A7A436721A40B5100A277A3 /* CodeHelper.app */,
				5A7A437E21A40BE800A277A3 /* EditorExtension.appex */,
			);
			name = Products;
			sourceTree = "<group>";
		};
		5A7A436921A40B5100A277A3 /* CodeHelper */ = {
			isa = PBXGroup;
			children = (
				5A7A436A21A40B5100A277A3 /* AppDelegate.swift */,
				5A7A436C21A40B5100A277A3 /* ViewController.swift */,
				5A7A436E21A40B5300A277A3 /* Assets.xcassets */,
				5A7A437021A40B5300A277A3 /* Main.storyboard */,
				5A7A437321A40B5300A277A3 /* Info.plist */,
				5A7A437421A40B5300A277A3 /* CodeHelper.entitlements */,
			);
			path = CodeHelper;
			sourceTree = "<group>";
		};
		5A7A437F21A40BE800A277A3 /* Frameworks */ = {
			isa = PBXGroup;
			children = (
				5A7A438021A40BE800A277A3 /* Cocoa.framework */,
			);
			name = Frameworks;
			sourceTree = "<group>";
		};
		5A7A438221A40BE800A277A3 /* EditorExtension */ = {
			isa = PBXGroup;
			children = (
				5A7A438321A40BE800A277A3 /* SourceEditorExtension.swift */,
				5A7A438521A40BE800A277A3 /* SourceEditorCommand.swift */,
				5A6DC41521F9708100AEACF6 /* Json2Property.swift */,
				5A7A438721A40BE800A277A3 /* Info.plist */,
				5A7A438821A40BE800A277A3 /* EditorExtension.entitlements */,
			);
			path = EditorExtension;
			sourceTree = "<group>";
		};
/* End PBXGroup section */

/* Begin PBXNativeTarget section */
		5A7A436621A40B5100A277A3 /* CodeHelper */ = {
			isa = PBXNativeTarget;
			buildConfigurationList = 5A7A437721A40B5300A277A3 /* Build configuration list for PBXNativeTarget "CodeHelper" */;
			buildPhases = (
				5A7A436321A40B5100A277A3 /* Sources */,
				5A7A436421A40B5100A277A3 /* Frameworks */,
				5A7A436521A40B5100A277A3 /* Resources */,
				5A7A438F21A40BE800A277A3 /* Embed App Extensions */,
			);
			buildRules = (
			);
			dependencies = (
				5A7A438A21A40BE800A277A3 /* PBXTargetDependency */,
			);
			name = CodeHelper;
			productName = CodeHelper;
			productReference = 5A7A436721A40B5100A277A3 /* CodeHelper.app */;
			productType = "com.apple.product-type.application";
		};
		5A7A437D21A40BE800A277A3 /* EditorExtension */ = {
			isa = PBXNativeTarget;
			buildConfigurationList = 5A7A438C21A40BE800A277A3 /* Build configuration list for PBXNativeTarget "EditorExtension" */;
			buildPhases = (
				5A7A437A21A40BE800A277A3 /* Sources */,
				5A7A437B21A40BE800A277A3 /* Frameworks */,
				5A7A437C21A40BE800A277A3 /* Resources */,
			);
			buildRules = (
			);
			dependencies = (
			);
			name = EditorExtension;
			productName = EditorExtension;
			productReference = 5A7A437E21A40BE800A277A3 /* EditorExtension.appex */;
			productType = "com.apple.product-type.xcode-extension";
		};
/* End PBXNativeTarget section */

/* Begin PBXProject section */
		5A7A435F21A40B5100A277A3 /* Project object */ = {
			isa = PBXProject;
			attributes = {
				LastSwiftUpdateCheck = 1010;
				LastUpgradeCheck = 1010;
				ORGANIZATIONNAME = lixy;
				TargetAttributes = {
					5A7A436621A40B5100A277A3 = {
						CreatedOnToolsVersion = 10.1;
					};
					5A7A437D21A40BE800A277A3 = {
						CreatedOnToolsVersion = 10.1;
					};
				};
			};
			buildConfigurationList = 5A7A436221A40B5100A277A3 /* Build configuration list for PBXProject "CodeHelper" */;
			compatibilityVersion = "Xcode 9.3";
			developmentRegion = en;
			hasScannedForEncodings = 0;
			knownRegions = (
				en,
				Base,
			);
			mainGroup = 5A7A435E21A40B5100A277A3;
			productRefGroup = 5A7A436821A40B5100A277A3 /* Products */;
			projectDirPath = "";
			projectRoot = "";
			targets = (
				5A7A436621A40B5100A277A3 /* CodeHelper */,
				5A7A437D21A40BE800A277A3 /* EditorExtension */,
			);
		};
/* End PBXProject section */

/* Begin PBXResourcesBuildPhase section */
		5A7A436521A40B5100A277A3 /* Resources */ = {
			isa = PBXResourcesBuildPhase;
			buildActionMask = 2147483647;
			files = (
				5A7A436F21A40B5300A277A3 /* Assets.xcassets in Resources */,
				5A7A437221A40B5300A277A3 /* Main.storyboard in Resources */,
			);
			runOnlyForDeploymentPostprocessing = 0;
		};
		5A7A437C21A40BE800A277A3 /* Resources */ = {
			isa = PBXResourcesBuildPhase;
			buildActionMask = 2147483647;
			files = (
			);
			runOnlyForDeploymentPostprocessing = 0;
		};
/* End PBXResourcesBuildPhase section */

/* Begin PBXSourcesBuildPhase section */
		5A7A436321A40B5100A277A3 /* Sources */ = {
			isa = PBXSourcesBuildPhase;
			buildActionMask = 2147483647;
			files = (
				5A7A436D21A40B5100A277A3 /* ViewController.swift in Sources */,
				5A7A436B21A40B5100A277A3 /* AppDelegate.swift in Sources */,
			);
			runOnlyForDeploymentPostprocessing = 0;
		};
		5A7A437A21A40BE800A277A3 /* Sources */ = {
			isa = PBXSourcesBuildPhase;
			buildActionMask = 2147483647;
			files = (
				5A7A438421A40BE800A277A3 /* SourceEditorExtension.swift in Sources */,
				5A7A438621A40BE800A277A3 /* SourceEditorCommand.swift in Sources */,
				5A6DC41621F9708100AEACF6 /* Json2Property.swift in Sources */,
			);
			runOnlyForDeploymentPostprocessing = 0;
		};
/* End PBXSourcesBuildPhase section */

/* Begin PBXTargetDependency section */
		5A7A438A21A40BE800A277A3 /* PBXTargetDependency */ = {
			isa = PBXTargetDependency;
			target = 5A7A437D21A40BE800A277A3 /* EditorExtension */;
			targetProxy = 5A7A438921A40BE800A277A3 /* PBXContainerItemProxy */;
		};
/* End PBXTargetDependency section */

/* Begin PBXVariantGroup section */
		5A7A437021A40B5300A277A3 /* Main.storyboard */ = {
			isa = PBXVariantGroup;
			children = (
				5A7A437121A40B5300A277A3 /* Base */,
			);
			name = Main.storyboard;
			sourceTree = "<group>";
		};
/* End PBXVariantGroup section */

/* Begin XCBuildConfiguration section */
		5A7A437521A40B5300A277A3 /* Debug */ = {
			isa = XCBuildConfiguration;
			buildSettings = {
				ALWAYS_SEARCH_USER_PATHS = NO;
				CLANG_ANALYZER_NONNULL = YES;
				CLANG_ANALYZER_NUMBER_OBJECT_CONVERSION = YES_AGGRESSIVE;
				CLANG_CXX_LANGUAGE_STANDARD = "gnu++14";
				CLANG_CXX_LIBRARY = "libc++";
				CLANG_ENABLE_MODULES = YES;
				CLANG_ENABLE_OBJC_ARC = YES;
				CLANG_ENABLE_OBJC_WEAK = YES;
				CLANG_WARN_BLOCK_CAPTURE_AUTORELEASING = YES;
				CLANG_WARN_BOOL_CONVERSION = YES;
				CLANG_WARN_COMMA = YES;
				CLANG_WARN_CONSTANT_CONVERSION = YES;
				CLANG_WARN_DEPRECATED_OBJC_IMPLEMENTATIONS = YES;
				CLANG_WARN_DIRECT_OBJC_ISA_USAGE = YES_ERROR;
				CLANG_WARN_DOCUMENTATION_COMMENTS = YES;
				CLANG_WARN_EMPTY_BODY = YES;
				CLANG_WARN_ENUM_CONVERSION = YES;
				CLANG_WARN_INFINITE_RECURSION = YES;
				CLANG_WARN_INT_CONVERSION = YES;
				CLANG_WARN_NON_LITERAL_NULL_CONVERSION = YES;
				CLANG_WARN_OBJC_IMPLICIT_RETAIN_SELF = YES;
				CLANG_WARN_OBJC_LITERAL_CONVERSION = YES;
				CLANG_WARN_OBJC_ROOT_CLASS = YES_ERROR;
				CLANG_WARN_RANGE_LOOP_ANALYSIS = YES;
				CLANG_WARN_STRICT_PROTOTYPES = YES;
				CLANG_WARN_SUSPICIOUS_MOVE = YES;
				CLANG_WARN_UNGUARDED_AVAILABILITY = YES_AGGRESSIVE;
				CLANG_WARN_UNREACHABLE_CODE = YES;
				CLANG_WARN__DUPLICATE_METHOD_MATCH = YES;
				CODE_SIGN_IDENTITY = "Mac Developer";
				COPY_PHASE_STRIP = NO;
				DEBUG_INFORMATION_FORMAT = dwarf;
				ENABLE_STRICT_OBJC_MSGSEND = YES;
				ENABLE_TESTABILITY = YES;
				GCC_C_LANGUAGE_STANDARD = gnu11;
				GCC_DYNAMIC_NO_PIC = NO;
				GCC_NO_COMMON_BLOCKS = YES;
				GCC_OPTIMIZATION_LEVEL = 0;
				GCC_PREPROCESSOR_DEFINITIONS = (
					"DEBUG=1",
					"$(inherited)",
				);
				GCC_WARN_64_TO_32_BIT_CONVERSION = YES;
				GCC_WARN_ABOUT_RETURN_TYPE = YES_ERROR;
				GCC_WARN_UNDECLARED_SELECTOR = YES;
				GCC_WARN_UNINITIALIZED_AUTOS = YES_AGGRESSIVE;
				GCC_WARN_UNUSED_FUNCTION = YES;
				GCC_WARN_UNUSED_VARIABLE = YES;
				MACOSX_DEPLOYMENT_TARGET = 10.14;
				MTL_ENABLE_DEBUG_INFO = INCLUDE_SOURCE;
				MTL_FAST_MATH = YES;
				ONLY_ACTIVE_ARCH = YES;
				SDKROOT = macosx;
				SWIFT_ACTIVE_COMPILATION_CONDITIONS = DEBUG;
				SWIFT_OPTIMIZATION_LEVEL = "-Onone";
			};
			name = Debug;
		};
		5A7A437621A40B5300A277A3 /* Release */ = {
			isa = XCBuildConfiguration;
			buildSettings = {
				ALWAYS_SEARCH_USER_PATHS = NO;
				CLANG_ANALYZER_NONNULL = YES;
				CLANG_ANALYZER_NUMBER_OBJECT_CONVERSION = YES_AGGRESSIVE;
				CLANG_CXX_LANGUAGE_STANDARD = "gnu++14";
				CLANG_CXX_LIBRARY = "libc++";
				CLANG_ENABLE_MODULES = YES;
				CLANG_ENABLE_OBJC_ARC = YES;
				CLANG_ENABLE_OBJC_WEAK = YES;
				CLANG_WARN_BLOCK_CAPTURE_AUTORELEASING = YES;
				CLANG_WARN_BOOL_CONVERSION = YES;
				CLANG_WARN_COMMA = YES;
				CLANG_WARN_CONSTANT_CONVERSION = YES;
				CLANG_WARN_DEPRECATED_OBJC_IMPLEMENTATIONS = YES;
				CLANG_WARN_DIRECT_OBJC_ISA_USAGE = YES_ERROR;
				CLANG_WARN_DOCUMENTATION_COMMENTS = YES;
				CLANG_WARN_EMPTY_BODY = YES;
				CLANG_WARN_ENUM_CONVERSION = YES;
				CLANG_WARN_INFINITE_RECURSION = YES;
				CLANG_WARN_INT_CONVERSION = YES;
				CLANG_WARN_NON_LITERAL_NULL_CONVERSION = YES;
				CLANG_WARN_OBJC_IMPLICIT_RETAIN_SELF = YES;
				CLANG_WARN_OBJC_LITERAL_CONVERSION = YES;
				CLANG_WARN_OBJC_ROOT_CLASS = YES_ERROR;
				CLANG_WARN_RANGE_LOOP_ANALYSIS = YES;
				CLANG_WARN_STRICT_PROTOTYPES = YES;
				CLANG_WARN_SUSPICIOUS_MOVE = YES;
				CLANG_WARN_UNGUARDED_AVAILABILITY = YES_AGGRESSIVE;
				CLANG_WARN_UNREACHABLE_CODE = YES;
				CLANG_WARN__DUPLICATE_METHOD_MATCH = YES;
				CODE_SIGN_IDENTITY = "Mac Developer";
				COPY_PHASE_STRIP = NO;
				DEBUG_INFORMATION_FORMAT = "dwarf-with-dsym";
				ENABLE_NS_ASSERTIONS = NO;
				ENABLE_STRICT_OBJC_MSGSEND = YES;
				GCC_C_LANGUAGE_STANDARD = gnu11;
				GCC_NO_COMMON_BLOCKS = YES;
				GCC_WARN_64_TO_32_BIT_CONVERSION = YES;
				GCC_WARN_ABOUT_RETURN_TYPE = YES_ERROR;
				GCC_WARN_UNDECLARED_SELECTOR = YES;
				GCC_WARN_UNINITIALIZED_AUTOS = YES_AGGRESSIVE;
				GCC_WARN_UNUSED_FUNCTION = YES;
				GCC_WARN_UNUSED_VARIABLE = YES;
				MACOSX_DEPLOYMENT_TARGET = 10.14;
				MTL_ENABLE_DEBUG_INFO = NO;
				MTL_FAST_MATH = YES;
				SDKROOT = macosx;
				SWIFT_COMPILATION_MODE = wholemodule;
				SWIFT_OPTIMIZATION_LEVEL = "-O";
			};
			name = Release;
		};
		5A7A437821A40B5300A277A3 /* Debug */ = {
			isa = XCBuildConfiguration;
			buildSettings = {
				ALWAYS_EMBED_SWIFT_STANDARD_LIBRARIES = YES;
				ASSETCATALOG_COMPILER_APPICON_NAME = AppIcon;
				CODE_SIGN_ENTITLEMENTS = CodeHelper/CodeHelper.entitlements;
				CODE_SIGN_STYLE = Automatic;
				COMBINE_HIDPI_IMAGES = YES;
				DEVELOPMENT_TEAM = R9FM9QJB4R;
				INFOPLIST_FILE = CodeHelper/Info.plist;
				LD_RUNPATH_SEARCH_PATHS = (
					"$(inherited)",
					"@executable_path/../Frameworks",
				);
				PRODUCT_BUNDLE_IDENTIFIER = com.keepyounger.CodeHelper;
				PRODUCT_NAME = "$(TARGET_NAME)";
				SWIFT_VERSION = 4.2;
			};
			name = Debug;
		};
		5A7A437921A40B5300A277A3 /* Release */ = {
			isa = XCBuildConfiguration;
			buildSettings = {
				ALWAYS_EMBED_SWIFT_STANDARD_LIBRARIES = YES;
				ASSETCATALOG_COMPILER_APPICON_NAME = AppIcon;
				CODE_SIGN_ENTITLEMENTS = CodeHelper/CodeHelper.entitlements;
				CODE_SIGN_STYLE = Automatic;
				COMBINE_HIDPI_IMAGES = YES;
				DEVELOPMENT_TEAM = R9FM9QJB4R;
				INFOPLIST_FILE = CodeHelper/Info.plist;
				LD_RUNPATH_SEARCH_PATHS = (
					"$(inherited)",
					"@executable_path/../Frameworks",
				);
				PRODUCT_BUNDLE_IDENTIFIER = com.keepyounger.CodeHelper;
				PRODUCT_NAME = "$(TARGET_NAME)";
				SWIFT_VERSION = 4.2;
			};
			name = Release;
		};
		5A7A438D21A40BE800A277A3 /* Debug */ = {
			isa = XCBuildConfiguration;
			buildSettings = {
				CODE_SIGN_ENTITLEMENTS = EditorExtension/EditorExtension.entitlements;
				CODE_SIGN_STYLE = Automatic;
				COMBINE_HIDPI_IMAGES = YES;
				DEVELOPMENT_TEAM = R9FM9QJB4R;
				INFOPLIST_FILE = EditorExtension/Info.plist;
				LD_RUNPATH_SEARCH_PATHS = (
					"$(inherited)",
					"@executable_path/../Frameworks",
					"@executable_path/../../../../Frameworks",
				);
				PRODUCT_BUNDLE_IDENTIFIER = com.keepyounger.CodeHelper.EditorExtension;
				PRODUCT_NAME = "$(TARGET_NAME)";
				SKIP_INSTALL = YES;
				SWIFT_VERSION = 4.2;
			};
			name = Debug;
		};
		5A7A438E21A40BE800A277A3 /* Release */ = {
			isa = XCBuildConfiguration;
			buildSettings = {
				CODE_SIGN_ENTITLEMENTS = EditorExtension/EditorExtension.entitlements;
				CODE_SIGN_STYLE = Automatic;
				COMBINE_HIDPI_IMAGES = YES;
				DEVELOPMENT_TEAM = R9FM9QJB4R;
				INFOPLIST_FILE = EditorExtension/Info.plist;
				LD_RUNPATH_SEARCH_PATHS = (
					"$(inherited)",
					"@executable_path/../Frameworks",
					"@executable_path/../../../../Frameworks",
				);
				PRODUCT_BUNDLE_IDENTIFIER = com.keepyounger.CodeHelper.EditorExtension;
				PRODUCT_NAME = "$(TARGET_NAME)";
				SKIP_INSTALL = YES;
				SWIFT_VERSION = 4.2;
			};
			name = Release;
		};
/* End XCBuildConfiguration section */

/* Begin XCConfigurationList section */
		5A7A436221A40B5100A277A3 /* Build configuration list for PBXProject "CodeHelper" */ = {
			isa = XCConfigurationList;
			buildConfigurations = (
				5A7A437521A40B5300A277A3 /* Debug */,
				5A7A437621A40B5300A277A3 /* Release */,
			);
			defaultConfigurationIsVisible = 0;
			defaultConfigurationName = Release;
		};
		5A7A437721A40B5300A277A3 /* Build configuration list for PBXNativeTarget "CodeHelper" */ = {
			isa = XCConfigurationList;
			buildConfigurations = (
				5A7A437821A40B5300A277A3 /* Debug */,
				5A7A437921A40B5300A277A3 /* Release */,
			);
			defaultConfigurationIsVisible = 0;
			defaultConfigurationName = Release;
		};
		5A7A438C21A40BE800A277A3 /* Build configuration list for PBXNativeTarget "EditorExtension" */ = {
			isa = XCConfigurationList;
			buildConfigurations = (
				5A7A438D21A40BE800A277A3 /* Debug */,
				5A7A438E21A40BE800A277A3 /* Release */,
			);
			defaultConfigurationIsVisible = 0;
			defaultConfigurationName = Release;
		};
/* End XCConfigurationList section */
	};
	rootObject = 5A7A435F21A40B5100A277A3 /* Project object */;
}
